
Microsoft Visual Studio Solution File, Format Version 12.00
# Visual Studio 15
VisualStudioVersion = 15.0.28307.421
MinimumVisualStudioVersion = 10.0.40219.1
Project("{FAE04EC0-301F-11D3-BF4B-00C04F79EFBC}") = "profile-service-desktop", "profile-service-desktop\profile-service-desktop.csproj", "{FD83F1FB-826B-4744-8361-2F0BF3308422}"
EndProject
Global
	GlobalSection(SolutionConfigurationPlatforms) = preSolution
		Debug|Any CPU = Debug|Any CPU
		Release|Any CPU = Release|Any CPU
	EndGlobalSection
	GlobalSection(ProjectConfigurationPlatforms) = postSolution
		{FD83F1FB-826B-4744-8361-2F0BF3308422}.Debug|Any CPU.ActiveCfg = Debug|Any CPU
		{FD83F1FB-826B-4744-8361-2F0BF3308422}.Debug|Any CPU.Build.0 = Debug|Any CPU
		{FD83F1FB-826B-4744-8361-2F0BF3308422}.Release|Any CPU.ActiveCfg = Release|Any CPU
		{FD83F1FB-826B-4744-8361-2F0BF3308422}.Release|Any CPU.Build.0 = Release|Any CPU
	EndGlobalSection
	GlobalSection(SolutionProperties) = preSolution
		HideSolutionNode = FALSE
	EndGlobalSection
	GlobalSection(ExtensibilityGlobals) = postSolution
		SolutionGuid = {3DE01896-F92F-4C7E-9743-D417B410D6CA}
	EndGlobalSection
EndGlobal
